
Microsoft Visual Studio Solution File, Format Version 12.00
# Visual Studio Version 17
VisualStudioVersion = 17.4.33213.308
MinimumVisualStudioVersion = 10.0.40219.1
Project("{FAE04EC0-301F-11D3-BF4B-00C04F79EFBC}") = "Problema1", "Problema1.csproj", "{857C1CDB-7E53-47EB-BF02-CD74D15EEBFF}"
EndProject
Global
	GlobalSection(SolutionConfigurationPlatforms) = preSolution
		Debug|Any CPU = Debug|Any CPU
		Release|Any CPU = Release|Any CPU
	EndGlobalSection
	GlobalSection(ProjectConfigurationPlatforms) = postSolution
		{857C1CDB-7E53-47EB-BF02-CD74D15EEBFF}.Debug|Any CPU.ActiveCfg = Debug|Any CPU
		{857C1CDB-7E53-47EB-BF02-CD74D15EEBFF}.Debug|Any CPU.Build.0 = Debug|Any CPU
		{857C1CDB-7E53-47EB-BF02-CD74D15EEBFF}.Release|Any CPU.ActiveCfg = Release|Any CPU
		{857C1CDB-7E53-47EB-BF02-CD74D15EEBFF}.Release|Any CPU.Build.0 = Release|Any CPU
	EndGlobalSection
	GlobalSection(SolutionProperties) = preSolution
		HideSolutionNode = FALSE
	EndGlobalSection
	GlobalSection(ExtensibilityGlobals) = postSolution
		SolutionGuid = {BF8C552A-2B7C-4406-9CFB-C4DA156B5984}
	EndGlobalSection
EndGlobal
